<?xml version="1.0" encoding="utf-8"?>
<Project ToolsVersion="4.0" xmlns="http://schemas.microsoft.com/developer/msbuild/2003">
  <ItemGroup>
    <Filter Include="Source Files">
      <UniqueIdentifier>{4FC737F1-C7A5-4376-A066-2A32D752A2FF}</UniqueIdentifier>
      <Extensions>cpp;c;cc;cxx;def;odl;idl;hpj;bat;asm;asmx</Extensions>
    </Filter>
    <Filter Include="Header Files">
      <UniqueIdentifier>{93995380-89BD-4b04-88EB-625FBE52EBFB}</UniqueIdentifier>
      <Extensions>h;hh;hpp;hxx;hm;inl;inc;xsd</Extensions>
    </Filter>
    <Filter Include="Resource Files">
      <UniqueIdentifier>{67DA6AB6-F800-4c08-8B7A-83BB121AAD01}</UniqueIdentifier>
      <Extensions>rc;ico;cur;bmp;dlg;rc2;rct;bin;rgs;gif;jpg;jpeg;jpe;resx;tiff;tif;png;wav</Extensions>
    </Filter>
  </ItemGroup>
  <ItemGroup>
    <ClCompile Include="source\App.cpp">
      <Filter>Source Files</Filter>
    </ClCompile>
    <ClCompile Include="source\Camera.cpp">
      <Filter>Source Files</Filter>
    </ClCompile>
    <ClCompile Include="source\Collision.cpp">
      <Filter>Source Files</Filter>
    </ClCompile>
    <ClCompile Include="source\Colorings.cpp">
      <Filter>Source Files</Filter>
    </ClCompile>
    <ClCompile Include="source\ContextWindow.cpp">
      <Filter>Source Files</Filter>
    </ClCompile>
    <ClCompile Include="source\Debug.cpp">
      <Filter>Source Files</Filter>
    </ClCompile>
    <ClCompile Include="source\Event.cpp">
      <Filter>Source Files</Filter>
    </ClCompile>
    <ClCompile Include="source\Font.cpp">
      <Filter>Source Files</Filter>
    </ClCompile>
    <ClCompile Include="source\Font_Loader.cpp">
      <Filter>Source Files</Filter>
    </ClCompile>
    <ClCompile Include="source\Framebuffer.cpp">
      <Filter>Source Files</Filter>
    </ClCompile>
    <ClCompile Include="source\Functor.cpp">
      <Filter>Source Files</Filter>
    </ClCompile>
    <ClCompile Include="source\gl.cpp">
      <Filter>Source Files</Filter>
    </ClCompile>
    <ClCompile Include="source\glDebug.cpp">
      <Filter>Source Files</Filter>
    </ClCompile>
    <ClCompile Include="source\GUI.cpp">
      <Filter>Source Files</Filter>
    </ClCompile>
    <ClCompile Include="source\Input.cpp">
      <Filter>Source Files</Filter>
    </ClCompile>
    <ClCompile Include="source\Keys.cpp">
      <Filter>Source Files</Filter>
    </ClCompile>
    <ClCompile Include="source\Lights.cpp">
      <Filter>Source Files</Filter>
    </ClCompile>
    <ClCompile Include="source\Line.cpp">
      <Filter>Source Files</Filter>
    </ClCompile>
    <ClCompile Include="source\main.cpp">
      <Filter>Source Files</Filter>
    </ClCompile>
    <ClCompile Include="source\Material.cpp">
      <Filter>Source Files</Filter>
    </ClCompile>
    <ClCompile Include="source\Mesh.cpp">
      <Filter>Source Files</Filter>
    </ClCompile>
    <ClCompile Include="source\Model.cpp">
      <Filter>Source Files</Filter>
    </ClCompile>
    <ClCompile Include="source\Model_Loader.cpp">
      <Filter>Source Files</Filter>
    </ClCompile>
    <ClCompile Include="source\Mouse.cpp">
      <Filter>Source Files</Filter>
    </ClCompile>
    <ClCompile Include="source\Node.cpp">
      <Filter>Source Files</Filter>
    </ClCompile>
    <ClCompile Include="source\Physics.cpp">
      <Filter>Source Files</Filter>
    </ClCompile>
    <ClCompile Include="source\Quad.cpp">
      <Filter>Source Files</Filter>
    </ClCompile>
    <ClCompile Include="source\Shader.cpp">
      <Filter>Source Files</Filter>
    </ClCompile>
    <ClCompile Include="source\Shader_Loader.cpp">
      <Filter>Source Files</Filter>
    </ClCompile>
    <ClCompile Include="source\Signal.cpp">
      <Filter>Source Files</Filter>
    </ClCompile>
    <ClCompile Include="source\Text.cpp">
      <Filter>Source Files</Filter>
    </ClCompile>
    <ClCompile Include="source\Texture.cpp">
      <Filter>Source Files</Filter>
    </ClCompile>
    <ClCompile Include="source\VAO.cpp">
      <Filter>Source Files</Filter>
    </ClCompile>
    <ClCompile Include="source\voxelization.cpp">
      <Filter>Source Files</Filter>
    </ClCompile>
    <ClCompile Include="source\Widget.cpp">
      <Filter>Source Files</Filter>
    </ClCompile>
    <ClCompile Include="Neural.cpp">
      <Filter>Source Files</Filter>
    </ClCompile>
  </ItemGroup>
  <ItemGroup>
    <ClInclude Include="source\App.h">
      <Filter>Header Files</Filter>
    </ClInclude>
    <ClInclude Include="source\Camera.h">
      <Filter>Header Files</Filter>
    </ClInclude>
    <ClInclude Include="source\Collision.h">
      <Filter>Header Files</Filter>
    </ClInclude>
    <ClInclude Include="source\Colorings.h">
      <Filter>Header Files</Filter>
    </ClInclude>
    <ClInclude Include="source\ContextWindow.h">
      <Filter>Header Files</Filter>
    </ClInclude>
    <ClInclude Include="source\Debug.h">
      <Filter>Header Files</Filter>
    </ClInclude>
    <ClInclude Include="source\Event.h">
      <Filter>Header Files</Filter>
    </ClInclude>
    <ClInclude Include="source\Font.h">
      <Filter>Header Files</Filter>
    </ClInclude>
    <ClInclude Include="source\Font_Loader.h">
      <Filter>Header Files</Filter>
    </ClInclude>
    <ClInclude Include="source\Framebuffer.h">
      <Filter>Header Files</Filter>
    </ClInclude>
    <ClInclude Include="source\Functor.h">
      <Filter>Header Files</Filter>
    </ClInclude>
    <ClInclude Include="source\Gates.h">
      <Filter>Header Files</Filter>
    </ClInclude>
    <ClInclude Include="source\gl.h">
      <Filter>Header Files</Filter>
    </ClInclude>
    <ClInclude Include="source\glDebug.h">
      <Filter>Header Files</Filter>
    </ClInclude>
    <ClInclude Include="source\GUI.h">
      <Filter>Header Files</Filter>
    </ClInclude>
    <ClInclude Include="source\Input.h">
      <Filter>Header Files</Filter>
    </ClInclude>
    <ClInclude Include="source\Keys.h">
      <Filter>Header Files</Filter>
    </ClInclude>
    <ClInclude Include="source\Lights.h">
      <Filter>Header Files</Filter>
    </ClInclude>
    <ClInclude Include="source\Line.h">
      <Filter>Header Files</Filter>
    </ClInclude>
    <ClInclude Include="source\Material.h">
      <Filter>Header Files</Filter>
    </ClInclude>
    <ClInclude Include="source\Mesh.h">
      <Filter>Header Files</Filter>
    </ClInclude>
    <ClInclude Include="source\Model.h">
      <Filter>Header Files</Filter>
    </ClInclude>
    <ClInclude Include="source\Model_Loader.h">
      <Filter>Header Files</Filter>
    </ClInclude>
    <ClInclude Include="source\Mouse.h">
      <Filter>Header Files</Filter>
    </ClInclude>
    <ClInclude Include="source\Node.h">
      <Filter>Header Files</Filter>
    </ClInclude>
    <ClInclude Include="source\Physics.h">
      <Filter>Header Files</Filter>
    </ClInclude>
    <ClInclude Include="source\Quad.h">
      <Filter>Header Files</Filter>
    </ClInclude>
    <ClInclude Include="source\Shader.h">
      <Filter>Header Files</Filter>
    </ClInclude>
    <ClInclude Include="source\Shader_Loader.h">
      <Filter>Header Files</Filter>
    </ClInclude>
    <ClInclude Include="source\Signal.h">
      <Filter>Header Files</Filter>
    </ClInclude>
    <ClInclude Include="source\Text.h">
      <Filter>Header Files</Filter>
    </ClInclude>
    <ClInclude Include="source\Texture.h">
      <Filter>Header Files</Filter>
    </ClInclude>
    <ClInclude Include="source\VAO.h">
      <Filter>Header Files</Filter>
    </ClInclude>
    <ClInclude Include="source\voxelization.h">
      <Filter>Header Files</Filter>
    </ClInclude>
    <ClInclude Include="source\Widget.h">
      <Filter>Header Files</Filter>
    </ClInclude>
    <ClInclude Include="source\dt\dt.h">
      <Filter>Header Files</Filter>
    </ClInclude>
    <ClInclude Include="source\dt\image.h">
      <Filter>Header Files</Filter>
    </ClInclude>
    <ClInclude Include="source\dt\imconv.h">
      <Filter>Header Files</Filter>
    </ClInclude>
    <ClInclude Include="source\dt\imutil.h">
      <Filter>Header Files</Filter>
    </ClInclude>
    <ClInclude Include="source\dt\misc.h">
      <Filter>Header Files</Filter>
    </ClInclude>
    <ClInclude Include="source\dt\pnmfile.h">
      <Filter>Header Files</Filter>
    </ClInclude>
    <ClInclude Include="Neural.h">
      <Filter>Header Files</Filter>
    </ClInclude>
  </ItemGroup>
</Project>